// !$*UTF8*$!
{
	archiveVersion = 1;
	classes = {
	};
	objectVersion = 50;
	objects = {

/* Begin PBXBuildFile section */
		E00CB17424F58FA600E5C92C /* AppDelegate.swift in Sources */ = {isa = PBXBuildFile; fileRef = E00CB17324F58FA600E5C92C /* AppDelegate.swift */; };
		E00CB17624F58FA600E5C92C /* SceneDelegate.swift in Sources */ = {isa = PBXBuildFile; fileRef = E00CB17524F58FA600E5C92C /* SceneDelegate.swift */; };
		E00CB17824F58FA600E5C92C /* ViewController.swift in Sources */ = {isa = PBXBuildFile; fileRef = E00CB17724F58FA600E5C92C /* ViewController.swift */; };
		E00CB17B24F58FA600E5C92C /* Main.storyboard in Resources */ = {isa = PBXBuildFile; fileRef = E00CB17924F58FA600E5C92C /* Main.storyboard */; };
		E00CB17D24F58FAA00E5C92C /* Assets.xcassets in Resources */ = {isa = PBXBuildFile; fileRef = E00CB17C24F58FAA00E5C92C /* Assets.xcassets */; };
		E00CB18024F58FAA00E5C92C /* LaunchScreen.storyboard in Resources */ = {isa = PBXBuildFile; fileRef = E00CB17E24F58FAA00E5C92C /* LaunchScreen.storyboard */; };
		E00CB18824F5916D00E5C92C /* ResultViewController.swift in Sources */ = {isa = PBXBuildFile; fileRef = E00CB18724F5916D00E5C92C /* ResultViewController.swift */; };
/* End PBXBuildFile section */

/* Begin PBXFileReference section */
		E00CB17024F58FA600E5C92C /* helloGithubTry2.app */ = {isa = PBXFileReference; explicitFileType = wrapper.application; includeInIndex = 0; path = helloGithubTry2.app; sourceTree = BUILT_PRODUCTS_DIR; };
		E00CB17324F58FA600E5C92C /* AppDelegate.swift */ = {isa = PBXFileReference; lastKnownFileType = sourcecode.swift; path = AppDelegate.swift; sourceTree = "<group>"; };
		E00CB17524F58FA600E5C92C /* SceneDelegate.swift */ = {isa = PBXFileReference; lastKnownFileType = sourcecode.swift; path = SceneDelegate.swift; sourceTree = "<group>"; };
		E00CB17724F58FA600E5C92C /* ViewController.swift */ = {isa = PBXFileReference; lastKnownFileType = sourcecode.swift; path = ViewController.swift; sourceTree = "<group>"; };
		E00CB17A24F58FA600E5C92C /* Base */ = {isa = PBXFileReference; lastKnownFileType = file.storyboard; name = Base; path = Base.lproj/Main.storyboard; sourceTree = "<group>"; };
		E00CB17C24F58FAA00E5C92C /* Assets.xcassets */ = {isa = PBXFileReference; lastKnownFileType = folder.assetcatalog; path = Assets.xcassets; sourceTree = "<group>"; };
		E00CB17F24F58FAA00E5C92C /* Base */ = {isa = PBXFileReference; lastKnownFileType = file.storyboard; name = Base; path = Base.lproj/LaunchScreen.storyboard; sourceTree = "<group>"; };
		E00CB18124F58FAA00E5C92C /* Info.plist */ = {isa = PBXFileReference; lastKnownFileType = text.plist.xml; path = Info.plist; sourceTree = "<group>"; };
		E00CB18724F5916D00E5C92C /* ResultViewController.swift */ = {isa = PBXFileReference; lastKnownFileType = sourcecode.swift; path = ResultViewController.swift; sourceTree = "<group>"; };
/* End PBXFileReference section */

/* Begin PBXFrameworksBuildPhase section */
		E00CB16D24F58FA600E5C92C /* Frameworks */ = {
			isa = PBXFrameworksBuildPhase;
			buildActionMask = 2147483647;
			files = (
			);
			runOnlyForDeploymentPostprocessing = 0;
		};
/* End PBXFrameworksBuildPhase section */

/* Begin PBXGroup section */
		E00CB16724F58FA600E5C92C = {
			isa = PBXGroup;
			children = (
				E00CB17224F58FA600E5C92C /* helloGithubTry2 */,
				E00CB17124F58FA600E5C92C /* Products */,
			);
			sourceTree = "<group>";
		};
		E00CB17124F58FA600E5C92C /* Products */ = {
			isa = PBXGroup;
			children = (
				E00CB17024F58FA600E5C92C /* helloGithubTry2.app */,
			);
			name = Products;
			sourceTree = "<group>";
		};
		E00CB17224F58FA600E5C92C /* helloGithubTry2 */ = {
			isa = PBXGroup;
			children = (
				E00CB17324F58FA600E5C92C /* AppDelegate.swift */,
				E00CB17524F58FA600E5C92C /* SceneDelegate.swift */,
				E00CB17724F58FA600E5C92C /* ViewController.swift */,
				E00CB18724F5916D00E5C92C /* ResultViewController.swift */,
				E00CB17924F58FA600E5C92C /* Main.storyboard */,
				E00CB17C24F58FAA00E5C92C /* Assets.xcassets */,
				E00CB17E24F58FAA00E5C92C /* LaunchScreen.storyboard */,
				E00CB18124F58FAA00E5C92C /* Info.plist */,
			);
			path = helloGithubTry2;
			sourceTree = "<group>";
		};
/* End PBXGroup section */

/* Begin PBXNativeTarget section */
		E00CB16F24F58FA600E5C92C /* helloGithubTry2 */ = {
			isa = PBXNativeTarget;
			buildConfigurationList = E00CB18424F58FAA00E5C92C /* Build configuration list for PBXNativeTarget "helloGithubTry2" */;
			buildPhases = (
				E00CB16C24F58FA600E5C92C /* Sources */,
				E00CB16D24F58FA600E5C92C /* Frameworks */,
				E00CB16E24F58FA600E5C92C /* Resources */,
			);
			buildRules = (
			);
			dependencies = (
			);
			name = helloGithubTry2;
			productName = helloGithubTry2;
			productReference = E00CB17024F58FA600E5C92C /* helloGithubTry2.app */;
			productType = "com.apple.product-type.application";
		};
/* End PBXNativeTarget section */

/* Begin PBXProject section */
		E00CB16824F58FA600E5C92C /* Project object */ = {
			isa = PBXProject;
			attributes = {
				LastSwiftUpdateCheck = 1160;
				LastUpgradeCheck = 1160;
				ORGANIZATIONNAME = "Rodrigo Canalizo Macías";
				TargetAttributes = {
					E00CB16F24F58FA600E5C92C = {
						CreatedOnToolsVersion = 11.6;
					};
				};
			};
			buildConfigurationList = E00CB16B24F58FA600E5C92C /* Build configuration list for PBXProject "helloGithubTry2" */;
			compatibilityVersion = "Xcode 9.3";
			developmentRegion = en;
			hasScannedForEncodings = 0;
			knownRegions = (
				en,
				Base,
			);
			mainGroup = E00CB16724F58FA600E5C92C;
			productRefGroup = E00CB17124F58FA600E5C92C /* Products */;
			projectDirPath = "";
			projectRoot = "";
			targets = (
				E00CB16F24F58FA600E5C92C /* helloGithubTry2 */,
			);
		};
/* End PBXProject section */

/* Begin PBXResourcesBuildPhase section */
		E00CB16E24F58FA600E5C92C /* Resources */ = {
			isa = PBXResourcesBuildPhase;
			buildActionMask = 2147483647;
			files = (
				E00CB18024F58FAA00E5C92C /* LaunchScreen.storyboard in Resources */,
				E00CB17D24F58FAA00E5C92C /* Assets.xcassets in Resources */,
				E00CB17B24F58FA600E5C92C /* Main.storyboard in Resources */,
			);
			runOnlyForDeploymentPostprocessing = 0;
		};
/* End PBXResourcesBuildPhase section */

/* Begin PBXSourcesBuildPhase section */
		E00CB16C24F58FA600E5C92C /* Sources */ = {
			isa = PBXSourcesBuildPhase;
			buildActionMask = 2147483647;
			files = (
				E00CB17824F58FA600E5C92C /* ViewController.swift in Sources */,
				E00CB17424F58FA600E5C92C /* AppDelegate.swift in Sources */,
				E00CB17624F58FA600E5C92C /* SceneDelegate.swift in Sources */,
				E00CB18824F5916D00E5C92C /* ResultViewController.swift in Sources */,
			);
			runOnlyForDeploymentPostprocessing = 0;
		};
/* End PBXSourcesBuildPhase section */

/* Begin PBXVariantGroup section */
		E00CB17924F58FA600E5C92C /* Main.storyboard */ = {
			isa = PBXVariantGroup;
			children = (
				E00CB17A24F58FA600E5C92C /* Base */,
			);
			name = Main.storyboard;
			sourceTree = "<group>";
		};
		E00CB17E24F58FAA00E5C92C /* LaunchScreen.storyboard */ = {
			isa = PBXVariantGroup;
			children = (
				E00CB17F24F58FAA00E5C92C /* Base */,
			);
			name = LaunchScreen.storyboard;
			sourceTree = "<group>";
		};
/* End PBXVariantGroup section */

/* Begin XCBuildConfiguration section */
		E00CB18224F58FAA00E5C92C /* Debug */ = {
			isa = XCBuildConfiguration;
			buildSettings = {
				ALWAYS_SEARCH_USER_PATHS = NO;
				CLANG_ANALYZER_NONNULL = YES;
				CLANG_ANALYZER_NUMBER_OBJECT_CONVERSION = YES_AGGRESSIVE;
				CLANG_CXX_LANGUAGE_STANDARD = "gnu++14";
				CLANG_CXX_LIBRARY = "libc++";
				CLANG_ENABLE_MODULES = YES;
				CLANG_ENABLE_OBJC_ARC = YES;
				CLANG_ENABLE_OBJC_WEAK = YES;
				CLANG_WARN_BLOCK_CAPTURE_AUTORELEASING = YES;
				CLANG_WARN_BOOL_CONVERSION = YES;
				CLANG_WARN_COMMA = YES;
				CLANG_WARN_CONSTANT_CONVERSION = YES;
				CLANG_WARN_DEPRECATED_OBJC_IMPLEMENTATIONS = YES;
				CLANG_WARN_DIRECT_OBJC_ISA_USAGE = YES_ERROR;
				CLANG_WARN_DOCUMENTATION_COMMENTS = YES;
				CLANG_WARN_EMPTY_BODY = YES;
				CLANG_WARN_ENUM_CONVERSION = YES;
				CLANG_WARN_INFINITE_RECURSION = YES;
				CLANG_WARN_INT_CONVERSION = YES;
				CLANG_WARN_NON_LITERAL_NULL_CONVERSION = YES;
				CLANG_WARN_OBJC_IMPLICIT_RETAIN_SELF = YES;
				CLANG_WARN_OBJC_LITERAL_CONVERSION = YES;
				CLANG_WARN_OBJC_ROOT_CLASS = YES_ERROR;
				CLANG_WARN_RANGE_LOOP_ANALYSIS = YES;
				CLANG_WARN_STRICT_PROTOTYPES = YES;
				CLANG_WARN_SUSPICIOUS_MOVE = YES;
				CLANG_WARN_UNGUARDED_AVAILABILITY = YES_AGGRESSIVE;
				CLANG_WARN_UNREACHABLE_CODE = YES;
				CLANG_WARN__DUPLICATE_METHOD_MATCH = YES;
				COPY_PHASE_STRIP = NO;
				DEBUG_INFORMATION_FORMAT = dwarf;
				ENABLE_STRICT_OBJC_MSGSEND = YES;
				ENABLE_TESTABILITY = YES;
				GCC_C_LANGUAGE_STANDARD = gnu11;
				GCC_DYNAMIC_NO_PIC = NO;
				GCC_NO_COMMON_BLOCKS = YES;
				GCC_OPTIMIZATION_LEVEL = 0;
				GCC_PREPROCESSOR_DEFINITIONS = (
					"DEBUG=1",
					"$(inherited)",
				);
				GCC_WARN_64_TO_32_BIT_CONVERSION = YES;
				GCC_WARN_ABOUT_RETURN_TYPE = YES_ERROR;
				GCC_WARN_UNDECLARED_SELECTOR = YES;
				GCC_WARN_UNINITIALIZED_AUTOS = YES_AGGRESSIVE;
				GCC_WARN_UNUSED_FUNCTION = YES;
				GCC_WARN_UNUSED_VARIABLE = YES;
				IPHONEOS_DEPLOYMENT_TARGET = 13.6;
				MTL_ENABLE_DEBUG_INFO = INCLUDE_SOURCE;
				MTL_FAST_MATH = YES;
				ONLY_ACTIVE_ARCH = YES;
				SDKROOT = iphoneos;
				SWIFT_ACTIVE_COMPILATION_CONDITIONS = DEBUG;
				SWIFT_OPTIMIZATION_LEVEL = "-Onone";
			};
			name = Debug;
		};
		E00CB18324F58FAA00E5C92C /* Release */ = {
			isa = XCBuildConfiguration;
			buildSettings = {
				ALWAYS_SEARCH_USER_PATHS = NO;
				CLANG_ANALYZER_NONNULL = YES;
				CLANG_ANALYZER_NUMBER_OBJECT_CONVERSION = YES_AGGRESSIVE;
				CLANG_CXX_LANGUAGE_STANDARD = "gnu++14";
				CLANG_CXX_LIBRARY = "libc++";
				CLANG_ENABLE_MODULES = YES;
				CLANG_ENABLE_OBJC_ARC = YES;
				CLANG_ENABLE_OBJC_WEAK = YES;
				CLANG_WARN_BLOCK_CAPTURE_AUTORELEASING = YES;
				CLANG_WARN_BOOL_CONVERSION = YES;
				CLANG_WARN_COMMA = YES;
				CLANG_WARN_CONSTANT_CONVERSION = YES;
				CLANG_WARN_DEPRECATED_OBJC_IMPLEMENTATIONS = YES;
				CLANG_WARN_DIRECT_OBJC_ISA_USAGE = YES_ERROR;
				CLANG_WARN_DOCUMENTATION_COMMENTS = YES;
				CLANG_WARN_EMPTY_BODY = YES;
				CLANG_WARN_ENUM_CONVERSION = YES;
				CLANG_WARN_INFINITE_RECURSION = YES;
				CLANG_WARN_INT_CONVERSION = YES;
				CLANG_WARN_NON_LITERAL_NULL_CONVERSION = YES;
				CLANG_WARN_OBJC_IMPLICIT_RETAIN_SELF = YES;
				CLANG_WARN_OBJC_LITERAL_CONVERSION = YES;
				CLANG_WARN_OBJC_ROOT_CLASS = YES_ERROR;
				CLANG_WARN_RANGE_LOOP_ANALYSIS = YES;
				CLANG_WARN_STRICT_PROTOTYPES = YES;
				CLANG_WARN_SUSPICIOUS_MOVE = YES;
				CLANG_WARN_UNGUARDED_AVAILABILITY = YES_AGGRESSIVE;
				CLANG_WARN_UNREACHABLE_CODE = YES;
				CLANG_WARN__DUPLICATE_METHOD_MATCH = YES;
				COPY_PHASE_STRIP = NO;
				DEBUG_INFORMATION_FORMAT = "dwarf-with-dsym";
				ENABLE_NS_ASSERTIONS = NO;
				ENABLE_STRICT_OBJC_MSGSEND = YES;
				GCC_C_LANGUAGE_STANDARD = gnu11;
				GCC_NO_COMMON_BLOCKS = YES;
				GCC_WARN_64_TO_32_BIT_CONVERSION = YES;
				GCC_WARN_ABOUT_RETURN_TYPE = YES_ERROR;
				GCC_WARN_UNDECLARED_SELECTOR = YES;
				GCC_WARN_UNINITIALIZED_AUTOS = YES_AGGRESSIVE;
				GCC_WARN_UNUSED_FUNCTION = YES;
				GCC_WARN_UNUSED_VARIABLE = YES;
				IPHONEOS_DEPLOYMENT_TARGET = 13.6;
				MTL_ENABLE_DEBUG_INFO = NO;
				MTL_FAST_MATH = YES;
				SDKROOT = iphoneos;
				SWIFT_COMPILATION_MODE = wholemodule;
				SWIFT_OPTIMIZATION_LEVEL = "-O";
				VALIDATE_PRODUCT = YES;
			};
			name = Release;
		};
		E00CB18524F58FAA00E5C92C /* Debug */ = {
			isa = XCBuildConfiguration;
			buildSettings = {
				ASSETCATALOG_COMPILER_APPICON_NAME = AppIcon;
				CODE_SIGN_STYLE = Automatic;
				INFOPLIST_FILE = helloGithubTry2/Info.plist;
				LD_RUNPATH_SEARCH_PATHS = (
					"$(inherited)",
					"@executable_path/Frameworks",
				);
				PRODUCT_BUNDLE_IDENTIFIER = com.example.helloGithubTry2;
				PRODUCT_NAME = "$(TARGET_NAME)";
				SWIFT_VERSION = 5.0;
				TARGETED_DEVICE_FAMILY = "1,2";
			};
			name = Debug;
		};
		E00CB18624F58FAA00E5C92C /* Release */ = {
			isa = XCBuildConfiguration;
			buildSettings = {
				ASSETCATALOG_COMPILER_APPICON_NAME = AppIcon;
				CODE_SIGN_STYLE = Automatic;
				INFOPLIST_FILE = helloGithubTry2/Info.plist;
				LD_RUNPATH_SEARCH_PATHS = (
					"$(inherited)",
					"@executable_path/Frameworks",
				);
				PRODUCT_BUNDLE_IDENTIFIER = com.example.helloGithubTry2;
				PRODUCT_NAME = "$(TARGET_NAME)";
				SWIFT_VERSION = 5.0;
				TARGETED_DEVICE_FAMILY = "1,2";
			};
			name = Release;
		};
/* End XCBuildConfiguration section */

/* Begin XCConfigurationList section */
		E00CB16B24F58FA600E5C92C /* Build configuration list for PBXProject "helloGithubTry2" */ = {
			isa = XCConfigurationList;
			buildConfigurations = (
				E00CB18224F58FAA00E5C92C /* Debug */,
				E00CB18324F58FAA00E5C92C /* Release */,
			);
			defaultConfigurationIsVisible = 0;
			defaultConfigurationName = Release;
		};
		E00CB18424F58FAA00E5C92C /* Build configuration list for PBXNativeTarget "helloGithubTry2" */ = {
			isa = XCConfigurationList;
			buildConfigurations = (
				E00CB18524F58FAA00E5C92C /* Debug */,
				E00CB18624F58FAA00E5C92C /* Release */,
			);
			defaultConfigurationIsVisible = 0;
			defaultConfigurationName = Release;
		};
/* End XCConfigurationList section */
	};
	rootObject = E00CB16824F58FA600E5C92C /* Project object */;
}
